
Microsoft Visual Studio Solution File, Format Version 12.00
# Visual Studio Version 17
VisualStudioVersion = 17.13.35931.197
MinimumVisualStudioVersion = 10.0.40219.1
Project("{FAE04EC0-301F-11D3-BF4B-00C04F79EFBC}") = "NewsPortal", "NewsPortal\NewsPortal.csproj", "{5852EFEB-0B0E-4C85-829F-BA3D38E85B94}"
EndProject
Global
	GlobalSection(SolutionConfigurationPlatforms) = preSolution
		Debug|Any CPU = Debug|Any CPU
		Release|Any CPU = Release|Any CPU
	EndGlobalSection
	GlobalSection(ProjectConfigurationPlatforms) = postSolution
		{5852EFEB-0B0E-4C85-829F-BA3D38E85B94}.Debug|Any CPU.ActiveCfg = Debug|Any CPU
		{5852EFEB-0B0E-4C85-829F-BA3D38E85B94}.Debug|Any CPU.Build.0 = Debug|Any CPU
		{5852EFEB-0B0E-4C85-829F-BA3D38E85B94}.Release|Any CPU.ActiveCfg = Release|Any CPU
		{5852EFEB-0B0E-4C85-829F-BA3D38E85B94}.Release|Any CPU.Build.0 = Release|Any CPU
	EndGlobalSection
	GlobalSection(SolutionProperties) = preSolution
		HideSolutionNode = FALSE
	EndGlobalSection
	GlobalSection(ExtensibilityGlobals) = postSolution
		SolutionGuid = {1A438820-ED6B-4325-BB7A-3B7B7972EA8D}
	EndGlobalSection
EndGlobal
